
Microsoft Visual Studio Solution File, Format Version 12.00
# Visual Studio Version 16
VisualStudioVersion = 16.0.31624.102
MinimumVisualStudioVersion = 10.0.40219.1
Project("{FAE04EC0-301F-11D3-BF4B-00C04F79EFBC}") = "AppExemplo1.Android", "AppExemplo1\AppExemplo1.Android\AppExemplo1.Android.csproj", "{9B53C0B4-736B-4E48-B12D-5FEBB33D88E6}"
EndProject
Project("{FAE04EC0-301F-11D3-BF4B-00C04F79EFBC}") = "AppExemplo1.iOS", "AppExemplo1\AppExemplo1.iOS\AppExemplo1.iOS.csproj", "{461C5C35-8124-437B-A225-BDD85C7DB628}"
EndProject
Project("{FAE04EC0-301F-11D3-BF4B-00C04F79EFBC}") = "AppExemplo1", "AppExemplo1\AppExemplo1\AppExemplo1.csproj", "{B70D0E41-16BB-4FDA-96A1-5C7A29058DAA}"
EndProject
Global
	GlobalSection(SolutionConfigurationPlatforms) = preSolution
		Debug|Any CPU = Debug|Any CPU
		Debug|iPhone = Debug|iPhone
		Debug|iPhoneSimulator = Debug|iPhoneSimulator
		Release|Any CPU = Release|Any CPU
		Release|iPhone = Release|iPhone
		Release|iPhoneSimulator = Release|iPhoneSimulator
	EndGlobalSection
	GlobalSection(ProjectConfigurationPlatforms) = postSolution
		{9B53C0B4-736B-4E48-B12D-5FEBB33D88E6}.Debug|Any CPU.ActiveCfg = Debug|Any CPU
		{9B53C0B4-736B-4E48-B12D-5FEBB33D88E6}.Debug|Any CPU.Build.0 = Debug|Any CPU
		{9B53C0B4-736B-4E48-B12D-5FEBB33D88E6}.Debug|Any CPU.Deploy.0 = Debug|Any CPU
		{9B53C0B4-736B-4E48-B12D-5FEBB33D88E6}.Debug|iPhone.ActiveCfg = Debug|Any CPU
		{9B53C0B4-736B-4E48-B12D-5FEBB33D88E6}.Debug|iPhone.Build.0 = Debug|Any CPU
		{9B53C0B4-736B-4E48-B12D-5FEBB33D88E6}.Debug|iPhone.Deploy.0 = Debug|Any CPU
		{9B53C0B4-736B-4E48-B12D-5FEBB33D88E6}.Debug|iPhoneSimulator.ActiveCfg = Debug|Any CPU
		{9B53C0B4-736B-4E48-B12D-5FEBB33D88E6}.Debug|iPhoneSimulator.Build.0 = Debug|Any CPU
		{9B53C0B4-736B-4E48-B12D-5FEBB33D88E6}.Debug|iPhoneSimulator.Deploy.0 = Debug|Any CPU
		{9B53C0B4-736B-4E48-B12D-5FEBB33D88E6}.Release|Any CPU.ActiveCfg = Release|Any CPU
		{9B53C0B4-736B-4E48-B12D-5FEBB33D88E6}.Release|Any CPU.Build.0 = Release|Any CPU
		{9B53C0B4-736B-4E48-B12D-5FEBB33D88E6}.Release|Any CPU.Deploy.0 = Release|Any CPU
		{9B53C0B4-736B-4E48-B12D-5FEBB33D88E6}.Release|iPhone.ActiveCfg = Release|Any CPU
		{9B53C0B4-736B-4E48-B12D-5FEBB33D88E6}.Release|iPhone.Build.0 = Release|Any CPU
		{9B53C0B4-736B-4E48-B12D-5FEBB33D88E6}.Release|iPhone.Deploy.0 = Release|Any CPU
		{9B53C0B4-736B-4E48-B12D-5FEBB33D88E6}.Release|iPhoneSimulator.ActiveCfg = Release|Any CPU
		{9B53C0B4-736B-4E48-B12D-5FEBB33D88E6}.Release|iPhoneSimulator.Build.0 = Release|Any CPU
		{9B53C0B4-736B-4E48-B12D-5FEBB33D88E6}.Release|iPhoneSimulator.Deploy.0 = Release|Any CPU
		{461C5C35-8124-437B-A225-BDD85C7DB628}.Debug|Any CPU.ActiveCfg = Debug|iPhone
		{461C5C35-8124-437B-A225-BDD85C7DB628}.Debug|Any CPU.Build.0 = Debug|iPhone
		{461C5C35-8124-437B-A225-BDD85C7DB628}.Debug|Any CPU.Deploy.0 = Debug|iPhone
		{461C5C35-8124-437B-A225-BDD85C7DB628}.Debug|iPhone.ActiveCfg = Debug|iPhone
		{461C5C35-8124-437B-A225-BDD85C7DB628}.Debug|iPhone.Build.0 = Debug|iPhone
		{461C5C35-8124-437B-A225-BDD85C7DB628}.Debug|iPhone.Deploy.0 = Debug|iPhone
		{461C5C35-8124-437B-A225-BDD85C7DB628}.Debug|iPhoneSimulator.ActiveCfg = Debug|iPhoneSimulator
		{461C5C35-8124-437B-A225-BDD85C7DB628}.Debug|iPhoneSimulator.Build.0 = Debug|iPhoneSimulator
		{461C5C35-8124-437B-A225-BDD85C7DB628}.Debug|iPhoneSimulator.Deploy.0 = Debug|iPhoneSimulator
		{461C5C35-8124-437B-A225-BDD85C7DB628}.Release|Any CPU.ActiveCfg = Release|iPhoneSimulator
		{461C5C35-8124-437B-A225-BDD85C7DB628}.Release|Any CPU.Build.0 = Release|iPhoneSimulator
		{461C5C35-8124-437B-A225-BDD85C7DB628}.Release|Any CPU.Deploy.0 = Release|iPhoneSimulator
		{461C5C35-8124-437B-A225-BDD85C7DB628}.Release|iPhone.ActiveCfg = Release|iPhone
		{461C5C35-8124-437B-A225-BDD85C7DB628}.Release|iPhone.Build.0 = Release|iPhone
		{461C5C35-8124-437B-A225-BDD85C7DB628}.Release|iPhone.Deploy.0 = Release|iPhone
		{461C5C35-8124-437B-A225-BDD85C7DB628}.Release|iPhoneSimulator.ActiveCfg = Release|iPhoneSimulator
		{461C5C35-8124-437B-A225-BDD85C7DB628}.Release|iPhoneSimulator.Build.0 = Release|iPhoneSimulator
		{461C5C35-8124-437B-A225-BDD85C7DB628}.Release|iPhoneSimulator.Deploy.0 = Release|iPhoneSimulator
		{B70D0E41-16BB-4FDA-96A1-5C7A29058DAA}.Debug|Any CPU.ActiveCfg = Debug|Any CPU
		{B70D0E41-16BB-4FDA-96A1-5C7A29058DAA}.Debug|Any CPU.Build.0 = Debug|Any CPU
		{B70D0E41-16BB-4FDA-96A1-5C7A29058DAA}.Debug|Any CPU.Deploy.0 = Debug|Any CPU
		{B70D0E41-16BB-4FDA-96A1-5C7A29058DAA}.Debug|iPhone.ActiveCfg = Debug|Any CPU
		{B70D0E41-16BB-4FDA-96A1-5C7A29058DAA}.Debug|iPhone.Build.0 = Debug|Any CPU
		{B70D0E41-16BB-4FDA-96A1-5C7A29058DAA}.Debug|iPhone.Deploy.0 = Debug|Any CPU
		{B70D0E41-16BB-4FDA-96A1-5C7A29058DAA}.Debug|iPhoneSimulator.ActiveCfg = Debug|Any CPU
		{B70D0E41-16BB-4FDA-96A1-5C7A29058DAA}.Debug|iPhoneSimulator.Build.0 = Debug|Any CPU
		{B70D0E41-16BB-4FDA-96A1-5C7A29058DAA}.Debug|iPhoneSimulator.Deploy.0 = Debug|Any CPU
		{B70D0E41-16BB-4FDA-96A1-5C7A29058DAA}.Release|Any CPU.ActiveCfg = Release|Any CPU
		{B70D0E41-16BB-4FDA-96A1-5C7A29058DAA}.Release|Any CPU.Build.0 = Release|Any CPU
		{B70D0E41-16BB-4FDA-96A1-5C7A29058DAA}.Release|Any CPU.Deploy.0 = Release|Any CPU
		{B70D0E41-16BB-4FDA-96A1-5C7A29058DAA}.Release|iPhone.ActiveCfg = Release|Any CPU
		{B70D0E41-16BB-4FDA-96A1-5C7A29058DAA}.Release|iPhone.Build.0 = Release|Any CPU
		{B70D0E41-16BB-4FDA-96A1-5C7A29058DAA}.Release|iPhone.Deploy.0 = Release|Any CPU
		{B70D0E41-16BB-4FDA-96A1-5C7A29058DAA}.Release|iPhoneSimulator.ActiveCfg = Release|Any CPU
		{B70D0E41-16BB-4FDA-96A1-5C7A29058DAA}.Release|iPhoneSimulator.Build.0 = Release|Any CPU
		{B70D0E41-16BB-4FDA-96A1-5C7A29058DAA}.Release|iPhoneSimulator.Deploy.0 = Release|Any CPU
	EndGlobalSection
	GlobalSection(SolutionProperties) = preSolution
		HideSolutionNode = FALSE
	EndGlobalSection
	GlobalSection(ExtensibilityGlobals) = postSolution
		SolutionGuid = {396538E8-17C2-4F68-A8DE-1F6EEF5EEB86}
	EndGlobalSection
EndGlobal
